
Microsoft Visual Studio Solution File, Format Version 12.00
# Visual Studio Version 17
VisualStudioVersion = 17.10.34928.147
MinimumVisualStudioVersion = 10.0.40219.1
Project("{FAE04EC0-301F-11D3-BF4B-00C04F79EFBC}") = "SylvanExcelTest", "SylvanExcelTest\SylvanExcelTest.csproj", "{D1088127-FC4C-4C2F-A6FB-F09E89F3CBE8}"
EndProject
Global
	GlobalSection(SolutionConfigurationPlatforms) = preSolution
		Debug|Any CPU = Debug|Any CPU
		Release|Any CPU = Release|Any CPU
	EndGlobalSection
	GlobalSection(ProjectConfigurationPlatforms) = postSolution
		{D1088127-FC4C-4C2F-A6FB-F09E89F3CBE8}.Debug|Any CPU.ActiveCfg = Debug|Any CPU
		{D1088127-FC4C-4C2F-A6FB-F09E89F3CBE8}.Debug|Any CPU.Build.0 = Debug|Any CPU
		{D1088127-FC4C-4C2F-A6FB-F09E89F3CBE8}.Release|Any CPU.ActiveCfg = Release|Any CPU
		{D1088127-FC4C-4C2F-A6FB-F09E89F3CBE8}.Release|Any CPU.Build.0 = Release|Any CPU
	EndGlobalSection
	GlobalSection(SolutionProperties) = preSolution
		HideSolutionNode = FALSE
	EndGlobalSection
	GlobalSection(ExtensibilityGlobals) = postSolution
		SolutionGuid = {9EA4D87B-6F70-4459-88DB-216C70F62E52}
	EndGlobalSection
EndGlobal
